{
  "version": 4,
  "terraform_version": "1.15.7",
  "serial": 303,
  "lineage": "d36e8f0c-56fc-bec6-40ff-8420b073f858",
  "outputs": {
    "ip_address": {
      "value": "15.237.250.247",
      "type": "string"
    },
    "private_key": {
      "value": "-----BEGIN RSA PRIVATE KEY-----\nMIIEowIBAAKCAQEA0aupEqBuiL3vIsQB4x3kecf+k2EOSPhcPj9F2mETVDTcmwTe\nn4+eSkhTSuT+uJPTz9UEgGMnlxk/eQI0ajXVJPTrlYk8Nh1ed4UyKYWKtVtHLk1Y\n08NMmpuYZO3wRBcnl5fCBceYoHzswGD97HlAiB9fcpaeKjFyXUsJ+YywrG2hDitN\nUTNsuqi3GgdSas6Mn3sm35E8kRujWqyJcPozbsIDttNiSvlchaax40bSxPuQCDAP\nn0odoZdSOAPZXd2mrkNmuK27pWJBoVfUIpi6K89fit+EGaWgxeul97phXPQqp5Nh\nxKpprTq3rl7EHpbY3AandeFrhP4ZOr9pL5bPGQIDAQABAoIBACLFCMCiAjKC7Mkj\nH/z91Amt9LWT/r5zETjxXTAdsQrhyUObxx9GvcUrwURGPUd2nEV22cxApSwVb8Ut\nbGvAiZwbUYX2wBlpPWUsnWjtUFdKz78J7JURaf6pltgF7TYdcN9etzomI1VZ4hj0\n/KbeZKkuKrHh8FCm6oQ2EW1ku1eceWYa8ockYxKSqidGl7kaodd8fC5m2yM2WwtE\n0iOUiii8juQND1FQF+nyO9532B4iAhFmYSOiTFDZriEYbdGvoKV1F+LShyQKnvCJ\n1VJfv1jJf3pd1IZl4S0TnrCYHP1rgjXW7gGZZyGF05ocB7UR3ydevJcIt7OjQ5/d\nIkhlzkECgYEA+xSHTDpuG9ac+4FFd5NBnByHhV+rj+92zouaFDqvaQtC3NZ6ddDA\nOxetiVmPpYY/Q3M3u4iPdUIblNke4Zv+5W5AlYj+a3Xpab5HxSTktKQ2JyAkBg5b\nlVSP1R2Clo1ZOoOYFN7+O6wTQGhy7vjSx9hQfAeX1yWLskOnIXEPLa0CgYEA1cdp\nkmxxmFXTFqnLNNSrHX/hvJFBsUs1ICXadQOhz3JR1w5sQQhSut5UOlRMdP7NoZVu\nO+uu4ZXlevkrSFx0IqZLbilQqySYVloj/V3g1J24fuXZYv9ENobSil6gn58RwpmL\nFgw5HjNaCVFsx3Wg6qMXB8X6FhuJmRyTwRDIfJ0CgYA5vSPL/NfbYQQitjyiXePF\noa3slu6eIARjRSk+o6w47NUIce4hb8r1C+HlZwool3Gu8i0L3ECZR4WOOkvmt/fr\nDOqfOKzBS5FMtuxMQsqxW930K2j9V4nqElMtQCcKtiCh2yc7DXjLgiu/MQXVPLVE\nLdN8YkahvEmeyf4CK7zA1QKBgHHGGmKqQl6ftqNGJHbuhE9D4yDXcc3ox9JfMv+5\nuiFMp0+8RlLqGhWIA+2zNanCfi/z9mH/kehPPX2QJL/zLH/QXy624E7lQAodGTBc\nCS8+7ZTjwSlVz7jxUhYAPJ4XK32U+Bf402FGVTHGWw1ghg66U6R4chvX9gg91EkZ\nJIplAoGBALZ2YynjWizsgeQ11QYDm8gbmI4IJ9s/O/0y0K6wEeAOfucGRLCPgWTH\nL9kq49ggJm2V/synC1x8BdmSJQeAhato/BdqoIzEUC9yzSY7Ug/yICncCNnA2QOq\n5hzNWQAaAmf6tl2S0GMeZgfkvVdaMIG5nIumsuc6i3DrTKlhhgPf\n-----END RSA PRIVATE KEY-----\n",
      "type": "string",
      "sensitive": true
    },
    "public_key": {
      "value": "ssh-rsa AAAAB3NzaC1yc2EAAAADAQABAAABAQDRq6kSoG6Ive8ixAHjHeR5x/6TYQ5I+Fw+P0XaYRNUNNybBN6fj55KSFNK5P64k9PP1QSAYyeXGT95AjRqNdUk9OuViTw2HV53hTIphYq1W0cuTVjTw0yam5hk7fBEFyeXl8IFx5igfOzAYP3seUCIH19ylp4qMXJdSwn5jLCsbaEOK01RM2y6qLcaB1JqzoyfeybfkTyRG6NarIlw+jNuwgO202JK+VyFprHjRtLE+5AIMA+fSh2hl1I4A9ld3aauQ2a4rbulYkGhV9QimLorz1+K34QZpaDF66X3umFc9Cqnk2HEqmmtOreuXsQeltjcBqd14WuE/hk6v2kvls8Z\n",
      "type": "string"
    },
    "website_url": {
      "value": "http://ec2-15-237-250-247.eu-west-3.compute.amazonaws.com",
      "type": "string"
    }
  },
  "resources": [
    {
      "mode": "data",
      "type": "tls_public_key",
      "name": "tempquad",
      "provider": "provider[\"registry.terraform.io/hashicorp/tls\"]",
      "instances": [
        {
          "schema_version": 0,
          "attributes": {
            "algorithm": "RSA",
            "id": "de89b952413537f4b19fd180d215f6c46ab3f7a0",
            "private_key_openssh": null,
            "private_key_pem": "-----BEGIN RSA PRIVATE KEY-----\nMIIEowIBAAKCAQEA0aupEqBuiL3vIsQB4x3kecf+k2EOSPhcPj9F2mETVDTcmwTe\nn4+eSkhTSuT+uJPTz9UEgGMnlxk/eQI0ajXVJPTrlYk8Nh1ed4UyKYWKtVtHLk1Y\n08NMmpuYZO3wRBcnl5fCBceYoHzswGD97HlAiB9fcpaeKjFyXUsJ+YywrG2hDitN\nUTNsuqi3GgdSas6Mn3sm35E8kRujWqyJcPozbsIDttNiSvlchaax40bSxPuQCDAP\nn0odoZdSOAPZXd2mrkNmuK27pWJBoVfUIpi6K89fit+EGaWgxeul97phXPQqp5Nh\nxKpprTq3rl7EHpbY3AandeFrhP4ZOr9pL5bPGQIDAQABAoIBACLFCMCiAjKC7Mkj\nH/z91Amt9LWT/r5zETjxXTAdsQrhyUObxx9GvcUrwURGPUd2nEV22cxApSwVb8Ut\nbGvAiZwbUYX2wBlpPWUsnWjtUFdKz78J7JURaf6pltgF7TYdcN9etzomI1VZ4hj0\n/KbeZKkuKrHh8FCm6oQ2EW1ku1eceWYa8ockYxKSqidGl7kaodd8fC5m2yM2WwtE\n0iOUiii8juQND1FQF+nyO9532B4iAhFmYSOiTFDZriEYbdGvoKV1F+LShyQKnvCJ\n1VJfv1jJf3pd1IZl4S0TnrCYHP1rgjXW7gGZZyGF05ocB7UR3ydevJcIt7OjQ5/d\nIkhlzkECgYEA+xSHTDpuG9ac+4FFd5NBnByHhV+rj+92zouaFDqvaQtC3NZ6ddDA\nOxetiVmPpYY/Q3M3u4iPdUIblNke4Zv+5W5AlYj+a3Xpab5HxSTktKQ2JyAkBg5b\nlVSP1R2Clo1ZOoOYFN7+O6wTQGhy7vjSx9hQfAeX1yWLskOnIXEPLa0CgYEA1cdp\nkmxxmFXTFqnLNNSrHX/hvJFBsUs1ICXadQOhz3JR1w5sQQhSut5UOlRMdP7NoZVu\nO+uu4ZXlevkrSFx0IqZLbilQqySYVloj/V3g1J24fuXZYv9ENobSil6gn58RwpmL\nFgw5HjNaCVFsx3Wg6qMXB8X6FhuJmRyTwRDIfJ0CgYA5vSPL/NfbYQQitjyiXePF\noa3slu6eIARjRSk+o6w47NUIce4hb8r1C+HlZwool3Gu8i0L3ECZR4WOOkvmt/fr\nDOqfOKzBS5FMtuxMQsqxW930K2j9V4nqElMtQCcKtiCh2yc7DXjLgiu/MQXVPLVE\nLdN8YkahvEmeyf4CK7zA1QKBgHHGGmKqQl6ftqNGJHbuhE9D4yDXcc3ox9JfMv+5\nuiFMp0+8RlLqGhWIA+2zNanCfi/z9mH/kehPPX2QJL/zLH/QXy624E7lQAodGTBc\nCS8+7ZTjwSlVz7jxUhYAPJ4XK32U+Bf402FGVTHGWw1ghg66U6R4chvX9gg91EkZ\nJIplAoGBALZ2YynjWizsgeQ11QYDm8gbmI4IJ9s/O/0y0K6wEeAOfucGRLCPgWTH\nL9kq49ggJm2V/synC1x8BdmSJQeAhato/BdqoIzEUC9yzSY7Ug/yICncCNnA2QOq\n5hzNWQAaAmf6tl2S0GMeZgfkvVdaMIG5nIumsuc6i3DrTKlhhgPf\n-----END RSA PRIVATE KEY-----\n",
            "public_key_fingerprint_md5": "92:8a:be:e7:0c:e5:37:72:8a:4e:81:6c:df:35:c7:94",
            "public_key_fingerprint_sha256": "SHA256:ci0ng/OdVmma23FYz2RTIaeEO5mDk1GzFomi3aq6wLk",
            "public_key_openssh": "ssh-rsa AAAAB3NzaC1yc2EAAAADAQABAAABAQDRq6kSoG6Ive8ixAHjHeR5x/6TYQ5I+Fw+P0XaYRNUNNybBN6fj55KSFNK5P64k9PP1QSAYyeXGT95AjRqNdUk9OuViTw2HV53hTIphYq1W0cuTVjTw0yam5hk7fBEFyeXl8IFx5igfOzAYP3seUCIH19ylp4qMXJdSwn5jLCsbaEOK01RM2y6qLcaB1JqzoyfeybfkTyRG6NarIlw+jNuwgO202JK+VyFprHjRtLE+5AIMA+fSh2hl1I4A9ld3aauQ2a4rbulYkGhV9QimLorz1+K34QZpaDF66X3umFc9Cqnk2HEqmmtOreuXsQeltjcBqd14WuE/hk6v2kvls8Z\n",
            "public_key_pem": "-----BEGIN PUBLIC KEY-----\nMIIBIjANBgkqhkiG9w0BAQEFAAOCAQ8AMIIBCgKCAQEA0aupEqBuiL3vIsQB4x3k\necf+k2EOSPhcPj9F2mETVDTcmwTen4+eSkhTSuT+uJPTz9UEgGMnlxk/eQI0ajXV\nJPTrlYk8Nh1ed4UyKYWKtVtHLk1Y08NMmpuYZO3wRBcnl5fCBceYoHzswGD97HlA\niB9fcpaeKjFyXUsJ+YywrG2hDitNUTNsuqi3GgdSas6Mn3sm35E8kRujWqyJcPoz\nbsIDttNiSvlchaax40bSxPuQCDAPn0odoZdSOAPZXd2mrkNmuK27pWJBoVfUIpi6\nK89fit+EGaWgxeul97phXPQqp5NhxKpprTq3rl7EHpbY3AandeFrhP4ZOr9pL5bP\nGQIDAQAB\n-----END PUBLIC KEY-----\n"
          },
          "sensitive_attributes": [
            [
              {
                "type": "get_attr",
                "value": "private_key_openssh"
              }
            ],
            [
              {
                "type": "get_attr",
                "value": "private_key_pem"
              }
            ]
          ],
          "identity_schema_version": 0
        }
      ]
    },
    {
      "mode": "managed",
      "type": "aws_eip",
      "name": "fortressmaximus-nat-eip",
      "provider": "provider[\"registry.terraform.io/hashicorp/aws\"]",
      "instances": [
        {
          "schema_version": 0,
          "attributes": {
            "address": null,
            "allocation_id": "eipalloc-0592e104f6ab41e93",
            "arn": "arn:aws:ec2:eu-west-3:114501972836:elastic-ip/eipalloc-0592e104f6ab41e93",
            "associate_with_private_ip": null,
            "association_id": "",
            "carrier_ip": "",
            "customer_owned_ip": "",
            "customer_owned_ipv4_pool": "",
            "domain": "vpc",
            "id": "eipalloc-0592e104f6ab41e93",
            "instance": "",
            "ipam_pool_id": null,
            "network_border_group": "eu-west-3",
            "network_interface": "",
            "private_dns": null,
            "private_ip": "",
            "ptr_record": "",
            "public_dns": "ec2-15-188-242-145.eu-west-3.compute.amazonaws.com",
            "public_ip": "15.188.242.145",
            "public_ipv4_pool": "amazon",
            "region": "eu-west-3",
            "tags": {
              "Name": "fortressmaximus-nat-eip",
              "Owner": "Optimus Prime",
              "Planet": "Cybertron",
              "Service": "application1"
            },
            "tags_all": {
              "ManagedBy": "Terraform",
              "Name": "fortressmaximus-nat-eip",
              "Owner": "Optimus Prime",
              "Planet": "Cybertron",
              "Service": "application1"
            },
            "timeouts": null
          },
          "sensitive_attributes": [],
          "identity_schema_version": 0,
          "private": "eyJlMmJmYjczMC1lY2FhLTExZTYtOGY4OC0zNDM2M2JjN2M0YzAiOnsiZGVsZXRlIjoxODAwMDAwMDAwMDAsInJlYWQiOjkwMDAwMDAwMDAwMCwidXBkYXRlIjozMDAwMDAwMDAwMDB9fQ==",
          "dependencies": [
            "aws_internet_gateway.fortressmaximus-igw",
            "aws_vpc.fortressmaximus-vpc"
          ]
        }
      ]
    },
    {
      "mode": "managed",
      "type": "aws_instance",
      "name": "fortressmaximus-ec2",
      "provider": "provider[\"registry.terraform.io/hashicorp/aws\"]",
      "instances": [
        {
          "schema_version": 2,
          "attributes": {
            "ami": "ami-09968b16214ef62ce",
            "arn": "arn:aws:ec2:eu-west-3:114501972836:instance/i-08e66b940f86b2228",
            "associate_public_ip_address": true,
            "availability_zone": "eu-west-3a",
            "capacity_reservation_specification": [
              {
                "capacity_reservation_preference": "open",
                "capacity_reservation_target": []
              }
            ],
            "cpu_options": [
              {
                "amd_sev_snp": "",
                "core_count": 1,
                "threads_per_core": 2
              }
            ],
            "credit_specification": [
              {
                "cpu_credits": "unlimited"
              }
            ],
            "disable_api_stop": false,
            "disable_api_termination": false,
            "ebs_block_device": [],
            "ebs_optimized": false,
            "enable_primary_ipv6": null,
            "enclave_options": [
              {
                "enabled": false
              }
            ],
            "ephemeral_block_device": [],
            "force_destroy": false,
            "get_password_data": false,
            "hibernation": false,
            "host_id": "",
            "host_resource_group_arn": null,
            "iam_instance_profile": "",
            "id": "i-08e66b940f86b2228",
            "instance_initiated_shutdown_behavior": "stop",
            "instance_lifecycle": "",
            "instance_market_options": [],
            "instance_state": "running",
            "instance_type": "t3.micro",
            "ipv6_address_count": 0,
            "ipv6_addresses": [],
            "key_name": "",
            "launch_template": [],
            "maintenance_options": [
              {
                "auto_recovery": "default"
              }
            ],
            "metadata_options": [
              {
                "http_endpoint": "enabled",
                "http_protocol_ipv6": "disabled",
                "http_put_response_hop_limit": 2,
                "http_tokens": "required",
                "instance_metadata_tags": "disabled"
              }
            ],
            "monitoring": false,
            "network_interface": [],
            "outpost_arn": "",
            "password_data": "",
            "placement_group": "",
            "placement_group_id": "",
            "placement_partition_number": 0,
            "primary_network_interface": [
              {
                "delete_on_termination": true,
                "network_interface_id": "eni-0e61cb4d951ed3ae9"
              }
            ],
            "primary_network_interface_id": "eni-0e61cb4d951ed3ae9",
            "private_dns": "ip-10-109-1-194.eu-west-3.compute.internal",
            "private_dns_name_options": [
              {
                "enable_resource_name_dns_a_record": false,
                "enable_resource_name_dns_aaaa_record": false,
                "hostname_type": "ip-name"
              }
            ],
            "private_ip": "10.109.1.194",
            "public_dns": "ec2-15-237-250-247.eu-west-3.compute.amazonaws.com",
            "public_ip": "15.237.250.247",
            "region": "eu-west-3",
            "root_block_device": [
              {
                "delete_on_termination": true,
                "device_name": "/dev/xvda",
                "encrypted": false,
                "iops": 3000,
                "kms_key_id": "",
                "tags": {
                  "ManagedBy": "Terraform"
                },
                "tags_all": {
                  "ManagedBy": "Terraform"
                },
                "throughput": 125,
                "volume_id": "vol-068ca7868194e3126",
                "volume_size": 8,
                "volume_type": "gp3"
              }
            ],
            "secondary_private_ips": [],
            "security_groups": [],
            "source_dest_check": true,
            "spot_instance_request_id": "",
            "subnet_id": "subnet-05d728b139722a2a0",
            "tags": {
              "Name": "fortressmaximus-ec2"
            },
            "tags_all": {
              "ManagedBy": "Terraform",
              "Name": "fortressmaximus-ec2"
            },
            "tenancy": "default",
            "timeouts": null,
            "user_data": "#!/bin/bash\n# Use this for your user data (script from top to bottom)\n# install httpd (Linux 2 version)\nyum update -y\nyum install -y httpd\nsystemctl start httpd\nsystemctl enable httpd\n\n# Get the IMDSv2 token\nTOKEN=$(curl -X PUT \"http://169.254.169.254/latest/api/token\" -H \"X-aws-ec2-metadata-token-ttl-seconds: 21600\")\n\n# Background the curl requests\ncurl -H \"X-aws-ec2-metadata-token: $TOKEN\" -s http://169.254.169.254/latest/meta-data/local-ipv4 \u0026\u003e /tmp/local_ipv4 \u0026\ncurl -H \"X-aws-ec2-metadata-token: $TOKEN\" -s http://169.254.169.254/latest/meta-data/placement/availability-zone \u0026\u003e /tmp/az \u0026\ncurl -H \"X-aws-ec2-metadata-token: $TOKEN\" -s http://169.254.169.254/latest/meta-data/network/interfaces/macs/ \u0026\u003e /tmp/macid \u0026\nwait\n\nmacid=$(cat /tmp/macid)\nlocal_ipv4=$(cat /tmp/local_ipv4)\naz=$(cat /tmp/az)\nvpc=$(curl -H \"X-aws-ec2-metadata-token: $TOKEN\" -s http://169.254.169.254/latest/meta-data/network/interfaces/macs/${macid}/vpc-id)\n\n# Get hostname\nhostname_value=$(hostname -f)\n\nBASE_DIR=/var/www/html\nmkdir -p $BASE_DIR/backup\nmkdir -p $BASE_DIR/archive\nmkdir -p $BASE_DIR/content\nmkdir -p $BASE_DIR/utils\nmkdir -p $BASE_DIR/credentials\n\n#cp $BASE_DIR/* $BASE_DIR/backup/\n\ncat \u003e /var/www/html/index.html \u003c\u003c EOF\n\u003c!DOCTYPE html\u003e\n\u003chtml lang=\"en\"\u003e\n\u003chead\u003e\n    \u003cmeta charset=\"UTF-8\"\u003e\n    \u003cmeta name=\"viewport\" content=\"width=device-width, initial-scale=1.0\"\u003e\n    \u003ctitle\u003eEC2 CAPSTONE DEMO\u003c/title\u003e\n    \u003cstyle\u003e\n        * {\n            margin: 0;\n            padding: 0;\n            box-sizing: border-box;\n        }\n        \n        body {\n            font-family: -apple-system, BlinkMacSystemFont, 'Segoe UI', Roboto, Oxygen, Ubuntu, Cantarell, sans-serif;\n            background: #500b96;\n            min-height: 100vh;\n            padding: 40px 20px;\n        }\n        \n        .container {\n            max-width: 1000px;\n            margin: 0 auto;\n            background: #ffffffff;\n            border-radius: 16px;\n            padding: 40px;\n            box-shadow: 0 20px 60px rgba(0,0,0,0.5);\n        }\n        \n        .grid-container {\n            display: flex;\n            max-width: 850px;\n            /*grid-template-columns: auto auto auto auto;*/\n            grid-template-rows: auto auto auto auto;\n            background-color: #500b96;\n            padding: 10px;\n            place-items: center;\n        }\n\n        h1 {\n            color: #000000;\n            font-size: 3rem;\n            margin-bottom: 10px;\n            text-align: center;\n            font-weight: 700;\n        }\n        \n        h2 {\n            color: #666666;\n            font-size: 1.5rem;\n            margin-bottom: 40px;\n            text-align: center;\n            font-weight: 500;\n        }\n        \n        .hero-image {\n            width: 100%;\n            max-width: 800px;\n            margin: 0 auto 40px;\n            display: block;\n            border-radius: 12px;\n            border: 3px solid #000000;\n            box-shadow: 0 8px 24px rgba(0,0,0,0.3);\n        }\n        \n        .details {\n            background: #f5f5f5;\n            border: 2px solid #333333;\n            border-radius: 12px;\n            padding: 30px;\n            margin-top: 40px;\n        }\n        \n        .details h3 {\n            color: #000000;\n            font-size: 1.5rem;\n            margin-bottom: 20px;\n            border-bottom: 3px solid #333333;\n            padding-bottom: 10px;\n            font-weight: 600;\n        }\n        \n        .detail-item {\n            display: flex;\n            padding: 15px 0;\n            border-bottom: 1px solid #cccccc;\n        }\n        \n        .detail-item:last-child {\n            border-bottom: none;\n        }\n        \n        .detail-label {\n            font-weight: 600;\n            color: #000000;\n            min-width: 200px;\n            font-size: 1rem;\n        }\n        \n        .detail-value {\n            color: #1a1a1a;\n            font-family: 'Courier New', monospace;\n            background: white;\n            padding: 6px 14px;\n            border-radius: 6px;\n            border: 2px solid #62596d;\n            font-size: 0.95rem;\n        }\n\n        .divorganizer {\n            display: block;\n        }\n\n        .base-position {\n            display: flex; /* the parent container is a flexbox so we can center\n                              the flexbox used to contain the children */\n            justify-content: center; /* Centers content horizontally */\n            align-items: center;    /* Centers content vertically */\n            max-width: 1000px;\n        }\n\n        .boatlife {\n            display: block;\n            margin: auto;\n            border-radius: 8px;\n            width: 518px;\n            height: 345px;\n        }\n\n        .beauty {\n            display: block;\n            margin: 5px;\n            border-radius: 8px;\n            width: 250px;\n            height: 345px;\n        }\n        \n    \u003c/style\u003e\n\u003c/head\u003e\n  \u003cbody\u003e\n    \u003cdiv class=\"container\"\u003e\n        \u003ch1\u003eCPG CAPSTONE Lab 2\u003c/h1\u003e\n        \u003cbr/\u003e\n        \u003ch2\u003eEC2 Instance\u003cbr/\u003e\u003c/h2\u003e\n        \n        \u003c!-- \u003cimg src=https://upload.wikimedia.org/wikipedia/commons/d/de/Suzy_Bae_at_fansigning_on_February_3%2C_2018_%285%29_%28cropped%29.jpg\n        class=\"beauty\"\u003e --\u003e\n        \u003cdiv class=\"base-position\"\u003e\n            \u003cdiv class=\"grid-container\"\u003e\n                \u003cdiv class=\"grid-template-rows\"\u003e\u003cimg src=\"https://i.pinimg.com/736x/b6/a8/66/b6a86625f0f5fbd3be1d222a10f986b6.jpg\" class=\"beauty\"\u003e\u003c/div\u003e\n                \u003cdiv class=\"grid-template-rows\"\u003e\u003cimg src=\"https://i.pinimg.com/1200x/98/ac/43/98ac436a4fc9e9172f9457810564f408.jpg\" class=\"beauty\"\u003e\u003c/div\u003e\n                \u003cdiv class=\"grid-template-rows\"\u003e\u003cimg src=\"https://i.pinimg.com/1200x/cc/9e/cd/cc9ecd6b6003bc999418eea4f6e0f469.jpg\" class=\"beauty\"\u003e\u003c/div\u003e\n                \u003c!-- \u003cdiv class=\"grid-template-rows\"\u003e\u003cimg src=\"./fe7fdcc4aed9bdf1315d562903f88ed2.jpg\" class=\"beauty\"\u003e\u003c/div\u003e --\u003e\n            \u003c/div\u003e\n        \u003c/div\u003e\n        \u003c!-- \u003cdiv class=\"base-position\"\u003e\n            \u003cdiv class=\"grid-container\"\u003e\n                \u003cdiv class=\"grid-template-rows\"\u003e\u003cimg src=\"./3540a38d20fd9f8df4d4cf58f82b7357.jpg\" class=\"beauty\"\u003e\u003c/div\u003e\n                \u003cdiv class=\"grid-template-rows\"\u003e\u003cimg src=\"./8dca74d03ec966ba76782d47d0aa2270.jpg\" class=\"beauty\"\u003e\u003c/div\u003e\n                \u003cdiv class=\"grid-template-rows\"\u003e\u003cimg src=\"./f6373e6aed13f3b70ed8c7517b17cede.jpg\" class=\"beauty\"\u003e\u003c/div\u003e\n            \u003c/div\u003e\n        \u003c/div\u003e --\u003e\n        \u003cdiv class=\"details\"\u003e\n            \u003ch3\u003eAbout Me\u003c/h3\u003e\n            \u003cdiv class=\"detail-item\"\u003e\n               \u003cspan\u003e\u003cp class=\"detail-label\"\u003eMy name is Eirik Collins. I am a former software developer who \n                    is looking to move into the AWS space. I am fascinated by what cloud can \n                    do and I wish to showcase what we have learned.\u003c/p\u003e\n                \u003c/span\u003e\n            \u003c/div\u003e\n           \u003cdiv class=\"detail-item\"\u003e\n                \u003cspan\u003e\n  \n                    \u003cp class=\"detail-label\"\u003eI was a former full stack developer, most recetnly with C# in .NET,\n                        so I do still retsin my bisses for te microsoft development environment, however, three lifetimes ago,\n                        I was a UNIX Developer working on a AIX box at NASA HQ as a government contractor. In this environment,\n                        all changes went through a change board which gave us the yes or no to implement the changes after we\n                        justified the business need for the changes. Development, Staging and Production were the steps we moved code through\n                        under the supervision of the man in the basement with ultimate say so. Some laugh at that concept now,\n                        but back then, a mistake in deployment could bring down a working application.\n                    \u003c/p\u003e\n                    \u003c/span\u003e\n            \u003c/div\u003e\n        \u003c/div\u003e\n        \u003cdiv class=\"details\"\u003e\n            \u003ch3\u003eProject Description\u003c/h3\u003e\n            \u003cdiv class=\"detail-item\"\u003e\n                \u003cp class=\"detail-label\"\u003eThis lab introduces Linux automation and cloud\n                    initialization by writing a  \u003cbr/\u003estartup script that configures an\n                    EC2 instance to host a front-facing static website.\n                I omplemented a Bash scripting to automate server setup.\u003c/p\u003e\n\u003c/span\u003e\n                \n            \u003c/div\u003e\n           \n        \u003c/div\u003e\n        \u003cdiv class=\"details\"\u003e\n            \u003ch3\u003eContact\u003c/h3\u003e\n            \u003cdiv class=\"detail-item\"\u003e\n                \u003cspan class=\"detail-label\"\u003ePhone Number:\u003c/span\u003e\n                \u003cspan class=\"detail-value\"\u003e(720) 361-9063\u003c/span\u003e\n            \u003c/div\u003e\n            \u003cdiv class=\"detail-item\"\u003e\n                \u003cspan class=\"detail-label\"\u003eEmail Address:\u003c/span\u003e\n                \u003cspan class=\"detail-value\"\u003eeirik.collins@gmail.com\u003c/span\u003e\n            \u003c/div\u003e\n        \u003c/div\u003e\n    \u003c/div\u003e\n\u003c/body\u003e\n\u003c/html\u003e\nEOF\n\n# Clean up the temp files\nrm -f /tmp/local_ipv4 /tmp/az /tmp/macid",
            "user_data_base64": null,
            "user_data_replace_on_change": false,
            "volume_tags": null,
            "vpc_security_group_ids": [
              "sg-0093e4b79c3e6efad",
              "sg-07061e1c62a24e209"
            ]
          },
          "sensitive_attributes": [],
          "identity_schema_version": 0,
          "identity": {
            "account_id": "114501972836",
            "id": "i-08e66b940f86b2228",
            "region": "eu-west-3"
          },
          "private": "eyJlMmJmYjczMC1lY2FhLTExZTYtOGY4OC0zNDM2M2JjN2M0YzAiOnsiY3JlYXRlIjo2MDAwMDAwMDAwMDAsImRlbGV0ZSI6MTIwMDAwMDAwMDAwMCwicmVhZCI6OTAwMDAwMDAwMDAwLCJ1cGRhdGUiOjYwMDAwMDAwMDAwMH0sInNjaGVtYV92ZXJzaW9uIjoiMiJ9",
          "dependencies": [
            "aws_security_group.fortressmaximus-sg",
            "aws_security_group.ping-sg",
            "aws_subnet.public-subnet-eu-west-3a",
            "aws_vpc.fortressmaximus-vpc"
          ]
        }
      ]
    },
    {
      "mode": "managed",
      "type": "aws_internet_gateway",
      "name": "fortressmaximus-igw",
      "provider": "provider[\"registry.terraform.io/hashicorp/aws\"]",
      "instances": [
        {
          "schema_version": 0,
          "attributes": {
            "arn": "arn:aws:ec2:eu-west-3:114501972836:internet-gateway/igw-0658fa28bc1674fce",
            "id": "igw-0658fa28bc1674fce",
            "owner_id": "114501972836",
            "region": "eu-west-3",
            "tags": {
              "Name": "fortressmaximus-igw",
              "Owner": "Optimus Prime",
              "Planet": "Cybertron",
              "Service": "application1"
            },
            "tags_all": {
              "ManagedBy": "Terraform",
              "Name": "fortressmaximus-igw",
              "Owner": "Optimus Prime",
              "Planet": "Cybertron",
              "Service": "application1"
            },
            "timeouts": null,
            "vpc_id": "vpc-0c2ec1ce568dcb5c0"
          },
          "sensitive_attributes": [],
          "identity_schema_version": 0,
          "private": "eyJlMmJmYjczMC1lY2FhLTExZTYtOGY4OC0zNDM2M2JjN2M0YzAiOnsiY3JlYXRlIjoxMjAwMDAwMDAwMDAwLCJkZWxldGUiOjEyMDAwMDAwMDAwMDAsInVwZGF0ZSI6MTIwMDAwMDAwMDAwMH19",
          "dependencies": [
            "aws_vpc.fortressmaximus-vpc"
          ]
        }
      ]
    },
    {
      "mode": "managed",
      "type": "aws_nat_gateway",
      "name": "fortressmaximus-nat-igw",
      "provider": "provider[\"registry.terraform.io/hashicorp/aws\"]",
      "instances": [
        {
          "schema_version": 0,
          "attributes": {
            "allocation_id": "eipalloc-0592e104f6ab41e93",
            "association_id": "eipassoc-0568d41cb5057821c",
            "connectivity_type": "public",
            "id": "nat-09513cde0ac4b00da",
            "network_interface_id": "eni-0caaf0234976182d2",
            "private_ip": "10.109.1.202",
            "public_ip": "15.188.242.145",
            "region": "eu-west-3",
            "secondary_allocation_ids": [],
            "secondary_private_ip_address_count": 0,
            "secondary_private_ip_addresses": [],
            "subnet_id": "subnet-05d728b139722a2a0",
            "tags": {
              "Name": "fortressmaximus-nat-igw"
            },
            "tags_all": {
              "ManagedBy": "Terraform",
              "Name": "fortressmaximus-nat-igw"
            },
            "timeouts": null
          },
          "sensitive_attributes": [],
          "identity_schema_version": 0,
          "private": "eyJlMmJmYjczMC1lY2FhLTExZTYtOGY4OC0zNDM2M2JjN2M0YzAiOnsiY3JlYXRlIjo2MDAwMDAwMDAwMDAsImRlbGV0ZSI6MTgwMDAwMDAwMDAwMCwidXBkYXRlIjo2MDAwMDAwMDAwMDB9fQ==",
          "dependencies": [
            "aws_eip.fortressmaximus-nat-eip",
            "aws_internet_gateway.fortressmaximus-igw",
            "aws_subnet.public-subnet-eu-west-3a",
            "aws_vpc.fortressmaximus-vpc"
          ]
        }
      ]
    },
    {
      "mode": "managed",
      "type": "aws_route_table",
      "name": "private",
      "provider": "provider[\"registry.terraform.io/hashicorp/aws\"]",
      "instances": [
        {
          "schema_version": 0,
          "attributes": {
            "arn": "arn:aws:ec2:eu-west-3:114501972836:route-table/rtb-02a47d3d8ac1a80fa",
            "id": "rtb-02a47d3d8ac1a80fa",
            "owner_id": "114501972836",
            "propagating_vgws": [],
            "region": "eu-west-3",
            "route": [
              {
                "carrier_gateway_id": "",
                "cidr_block": "0.0.0.0/0",
                "core_network_arn": "",
                "destination_prefix_list_id": "",
                "egress_only_gateway_id": "",
                "gateway_id": "nat-09513cde0ac4b00da",
                "ipv6_cidr_block": "",
                "local_gateway_id": "",
                "nat_gateway_id": "",
                "network_interface_id": "",
                "transit_gateway_id": "",
                "vpc_endpoint_id": "",
                "vpc_peering_connection_id": ""
              }
            ],
            "tags": {
              "Name": "fortressmaximus-private-rtb"
            },
            "tags_all": {
              "ManagedBy": "Terraform",
              "Name": "fortressmaximus-private-rtb"
            },
            "timeouts": null,
            "vpc_id": "vpc-0c2ec1ce568dcb5c0"
          },
          "sensitive_attributes": [],
          "identity_schema_version": 0,
          "identity": {
            "account_id": "114501972836",
            "id": "rtb-02a47d3d8ac1a80fa",
            "region": "eu-west-3"
          },
          "private": "eyJlMmJmYjczMC1lY2FhLTExZTYtOGY4OC0zNDM2M2JjN2M0YzAiOnsiY3JlYXRlIjozMDAwMDAwMDAwMDAsImRlbGV0ZSI6MzAwMDAwMDAwMDAwLCJ1cGRhdGUiOjEyMDAwMDAwMDAwMH19",
          "dependencies": [
            "aws_eip.fortressmaximus-nat-eip",
            "aws_internet_gateway.fortressmaximus-igw",
            "aws_nat_gateway.fortressmaximus-nat-igw",
            "aws_subnet.public-subnet-eu-west-3a",
            "aws_vpc.fortressmaximus-vpc"
          ]
        }
      ]
    },
    {
      "mode": "managed",
      "type": "aws_route_table",
      "name": "public",
      "provider": "provider[\"registry.terraform.io/hashicorp/aws\"]",
      "instances": [
        {
          "schema_version": 0,
          "attributes": {
            "arn": "arn:aws:ec2:eu-west-3:114501972836:route-table/rtb-04a6038c9593d3da0",
            "id": "rtb-04a6038c9593d3da0",
            "owner_id": "114501972836",
            "propagating_vgws": [],
            "region": "eu-west-3",
            "route": [
              {
                "carrier_gateway_id": "",
                "cidr_block": "0.0.0.0/0",
                "core_network_arn": "",
                "destination_prefix_list_id": "",
                "egress_only_gateway_id": "",
                "gateway_id": "igw-0658fa28bc1674fce",
                "ipv6_cidr_block": "",
                "local_gateway_id": "",
                "nat_gateway_id": "",
                "network_interface_id": "",
                "transit_gateway_id": "",
                "vpc_endpoint_id": "",
                "vpc_peering_connection_id": ""
              }
            ],
            "tags": {
              "Name": "fortressmaximus-public-rtb"
            },
            "tags_all": {
              "ManagedBy": "Terraform",
              "Name": "fortressmaximus-public-rtb"
            },
            "timeouts": null,
            "vpc_id": "vpc-0c2ec1ce568dcb5c0"
          },
          "sensitive_attributes": [],
          "identity_schema_version": 0,
          "identity": {
            "account_id": "114501972836",
            "id": "rtb-04a6038c9593d3da0",
            "region": "eu-west-3"
          },
          "private": "eyJlMmJmYjczMC1lY2FhLTExZTYtOGY4OC0zNDM2M2JjN2M0YzAiOnsiY3JlYXRlIjozMDAwMDAwMDAwMDAsImRlbGV0ZSI6MzAwMDAwMDAwMDAwLCJ1cGRhdGUiOjEyMDAwMDAwMDAwMH19",
          "dependencies": [
            "aws_internet_gateway.fortressmaximus-igw",
            "aws_vpc.fortressmaximus-vpc"
          ]
        }
      ]
    },
    {
      "mode": "managed",
      "type": "aws_route_table_association",
      "name": "private-subnet-eu-west-3a",
      "provider": "provider[\"registry.terraform.io/hashicorp/aws\"]",
      "instances": [
        {
          "schema_version": 0,
          "attributes": {
            "gateway_id": "",
            "id": "rtbassoc-04e9b996cb933e50c",
            "region": "eu-west-3",
            "route_table_id": "rtb-02a47d3d8ac1a80fa",
            "subnet_id": "subnet-03dbacdcde8d1c5b8",
            "timeouts": null
          },
          "sensitive_attributes": [],
          "identity_schema_version": 0,
          "private": "eyJlMmJmYjczMC1lY2FhLTExZTYtOGY4OC0zNDM2M2JjN2M0YzAiOnsiY3JlYXRlIjozMDAwMDAwMDAwMDAsImRlbGV0ZSI6MzAwMDAwMDAwMDAwLCJ1cGRhdGUiOjEyMDAwMDAwMDAwMH19",
          "dependencies": [
            "aws_eip.fortressmaximus-nat-eip",
            "aws_internet_gateway.fortressmaximus-igw",
            "aws_nat_gateway.fortressmaximus-nat-igw",
            "aws_route_table.private",
            "aws_subnet.private-subnet-eu-west-3a",
            "aws_subnet.public-subnet-eu-west-3a",
            "aws_vpc.fortressmaximus-vpc"
          ]
        }
      ]
    },
    {
      "mode": "managed",
      "type": "aws_route_table_association",
      "name": "private-subnet-eu-west-3b",
      "provider": "provider[\"registry.terraform.io/hashicorp/aws\"]",
      "instances": [
        {
          "schema_version": 0,
          "attributes": {
            "gateway_id": "",
            "id": "rtbassoc-032a35859e070e778",
            "region": "eu-west-3",
            "route_table_id": "rtb-02a47d3d8ac1a80fa",
            "subnet_id": "subnet-0d04cbb29efdb88a9",
            "timeouts": null
          },
          "sensitive_attributes": [],
          "identity_schema_version": 0,
          "private": "eyJlMmJmYjczMC1lY2FhLTExZTYtOGY4OC0zNDM2M2JjN2M0YzAiOnsiY3JlYXRlIjozMDAwMDAwMDAwMDAsImRlbGV0ZSI6MzAwMDAwMDAwMDAwLCJ1cGRhdGUiOjEyMDAwMDAwMDAwMH19",
          "dependencies": [
            "aws_eip.fortressmaximus-nat-eip",
            "aws_internet_gateway.fortressmaximus-igw",
            "aws_nat_gateway.fortressmaximus-nat-igw",
            "aws_route_table.private",
            "aws_subnet.private-subnet-eu-west-3b",
            "aws_subnet.public-subnet-eu-west-3a",
            "aws_vpc.fortressmaximus-vpc"
          ]
        }
      ]
    },
    {
      "mode": "managed",
      "type": "aws_route_table_association",
      "name": "private-subnet-eu-west-3c",
      "provider": "provider[\"registry.terraform.io/hashicorp/aws\"]",
      "instances": [
        {
          "schema_version": 0,
          "attributes": {
            "gateway_id": "",
            "id": "rtbassoc-054f5112b546ee348",
            "region": "eu-west-3",
            "route_table_id": "rtb-02a47d3d8ac1a80fa",
            "subnet_id": "subnet-0c5748ccc4ecde44d",
            "timeouts": null
          },
          "sensitive_attributes": [],
          "identity_schema_version": 0,
          "private": "eyJlMmJmYjczMC1lY2FhLTExZTYtOGY4OC0zNDM2M2JjN2M0YzAiOnsiY3JlYXRlIjozMDAwMDAwMDAwMDAsImRlbGV0ZSI6MzAwMDAwMDAwMDAwLCJ1cGRhdGUiOjEyMDAwMDAwMDAwMH19",
          "dependencies": [
            "aws_eip.fortressmaximus-nat-eip",
            "aws_internet_gateway.fortressmaximus-igw",
            "aws_nat_gateway.fortressmaximus-nat-igw",
            "aws_route_table.private",
            "aws_subnet.private-subnet-eu-west-3c",
            "aws_subnet.public-subnet-eu-west-3a",
            "aws_vpc.fortressmaximus-vpc"
          ]
        }
      ]
    },
    {
      "mode": "managed",
      "type": "aws_route_table_association",
      "name": "public-subnet-eu-west-3a",
      "provider": "provider[\"registry.terraform.io/hashicorp/aws\"]",
      "instances": [
        {
          "schema_version": 0,
          "attributes": {
            "gateway_id": "",
            "id": "rtbassoc-011750798372a3538",
            "region": "eu-west-3",
            "route_table_id": "rtb-04a6038c9593d3da0",
            "subnet_id": "subnet-05d728b139722a2a0",
            "timeouts": null
          },
          "sensitive_attributes": [],
          "identity_schema_version": 0,
          "private": "eyJlMmJmYjczMC1lY2FhLTExZTYtOGY4OC0zNDM2M2JjN2M0YzAiOnsiY3JlYXRlIjozMDAwMDAwMDAwMDAsImRlbGV0ZSI6MzAwMDAwMDAwMDAwLCJ1cGRhdGUiOjEyMDAwMDAwMDAwMH19",
          "dependencies": [
            "aws_internet_gateway.fortressmaximus-igw",
            "aws_route_table.public",
            "aws_subnet.public-subnet-eu-west-3a",
            "aws_vpc.fortressmaximus-vpc"
          ]
        }
      ]
    },
    {
      "mode": "managed",
      "type": "aws_route_table_association",
      "name": "public-subnet-eu-west-3b",
      "provider": "provider[\"registry.terraform.io/hashicorp/aws\"]",
      "instances": [
        {
          "schema_version": 0,
          "attributes": {
            "gateway_id": "",
            "id": "rtbassoc-0e348810d60ace21d",
            "region": "eu-west-3",
            "route_table_id": "rtb-04a6038c9593d3da0",
            "subnet_id": "subnet-0053bda21d4b2989f",
            "timeouts": null
          },
          "sensitive_attributes": [],
          "identity_schema_version": 0,
          "private": "eyJlMmJmYjczMC1lY2FhLTExZTYtOGY4OC0zNDM2M2JjN2M0YzAiOnsiY3JlYXRlIjozMDAwMDAwMDAwMDAsImRlbGV0ZSI6MzAwMDAwMDAwMDAwLCJ1cGRhdGUiOjEyMDAwMDAwMDAwMH19",
          "dependencies": [
            "aws_internet_gateway.fortressmaximus-igw",
            "aws_route_table.public",
            "aws_subnet.public-subnet-eu-west-3b",
            "aws_vpc.fortressmaximus-vpc"
          ]
        }
      ]
    },
    {
      "mode": "managed",
      "type": "aws_route_table_association",
      "name": "public-subnet-eu-west-3c",
      "provider": "provider[\"registry.terraform.io/hashicorp/aws\"]",
      "instances": [
        {
          "schema_version": 0,
          "attributes": {
            "gateway_id": "",
            "id": "rtbassoc-07c71522ac557a961",
            "region": "eu-west-3",
            "route_table_id": "rtb-04a6038c9593d3da0",
            "subnet_id": "subnet-0e743c277dee6e08d",
            "timeouts": null
          },
          "sensitive_attributes": [],
          "identity_schema_version": 0,
          "private": "eyJlMmJmYjczMC1lY2FhLTExZTYtOGY4OC0zNDM2M2JjN2M0YzAiOnsiY3JlYXRlIjozMDAwMDAwMDAwMDAsImRlbGV0ZSI6MzAwMDAwMDAwMDAwLCJ1cGRhdGUiOjEyMDAwMDAwMDAwMH19",
          "dependencies": [
            "aws_internet_gateway.fortressmaximus-igw",
            "aws_route_table.public",
            "aws_subnet.public-subnet-eu-west-3c",
            "aws_vpc.fortressmaximus-vpc"
          ]
        }
      ]
    },
    {
      "mode": "managed",
      "type": "aws_security_group",
      "name": "fortressmaximus-sg",
      "provider": "provider[\"registry.terraform.io/hashicorp/aws\"]",
      "instances": [
        {
          "schema_version": 1,
          "attributes": {
            "arn": "arn:aws:ec2:eu-west-3:114501972836:security-group/sg-07061e1c62a24e209",
            "description": "Managed by Terraform",
            "egress": [],
            "id": "sg-07061e1c62a24e209",
            "ingress": [],
            "name": "fortressmaximus-sg",
            "name_prefix": "",
            "owner_id": "114501972836",
            "region": "eu-west-3",
            "revoke_rules_on_delete": false,
            "tags": {
              "Name": "fortressmaximus-sg"
            },
            "tags_all": {
              "ManagedBy": "Terraform",
              "Name": "fortressmaximus-sg"
            },
            "timeouts": null,
            "vpc_id": "vpc-0c2ec1ce568dcb5c0"
          },
          "sensitive_attributes": [],
          "identity_schema_version": 0,
          "identity": {
            "account_id": "114501972836",
            "id": "sg-07061e1c62a24e209",
            "region": "eu-west-3"
          },
          "private": "eyJlMmJmYjczMC1lY2FhLTExZTYtOGY4OC0zNDM2M2JjN2M0YzAiOnsiY3JlYXRlIjo2MDAwMDAwMDAwMDAsImRlbGV0ZSI6OTAwMDAwMDAwMDAwfSwic2NoZW1hX3ZlcnNpb24iOiIxIn0=",
          "dependencies": [
            "aws_vpc.fortressmaximus-vpc"
          ]
        }
      ]
    },
    {
      "mode": "managed",
      "type": "aws_security_group",
      "name": "ping-sg",
      "provider": "provider[\"registry.terraform.io/hashicorp/aws\"]",
      "instances": [
        {
          "schema_version": 1,
          "attributes": {
            "arn": "arn:aws:ec2:eu-west-3:114501972836:security-group/sg-0093e4b79c3e6efad",
            "description": "Managed by Terraform",
            "egress": [],
            "id": "sg-0093e4b79c3e6efad",
            "ingress": [],
            "name": "ping-sg",
            "name_prefix": "",
            "owner_id": "114501972836",
            "region": "eu-west-3",
            "revoke_rules_on_delete": false,
            "tags": {
              "Name": "ping-sg"
            },
            "tags_all": {
              "ManagedBy": "Terraform",
              "Name": "ping-sg"
            },
            "timeouts": null,
            "vpc_id": "vpc-0c2ec1ce568dcb5c0"
          },
          "sensitive_attributes": [],
          "identity_schema_version": 0,
          "identity": {
            "account_id": "114501972836",
            "id": "sg-0093e4b79c3e6efad",
            "region": "eu-west-3"
          },
          "private": "eyJlMmJmYjczMC1lY2FhLTExZTYtOGY4OC0zNDM2M2JjN2M0YzAiOnsiY3JlYXRlIjo2MDAwMDAwMDAwMDAsImRlbGV0ZSI6OTAwMDAwMDAwMDAwfSwic2NoZW1hX3ZlcnNpb24iOiIxIn0=",
          "dependencies": [
            "aws_vpc.fortressmaximus-vpc"
          ]
        }
      ]
    },
    {
      "mode": "managed",
      "type": "aws_subnet",
      "name": "private-subnet-eu-west-3a",
      "provider": "provider[\"registry.terraform.io/hashicorp/aws\"]",
      "instances": [
        {
          "schema_version": 1,
          "attributes": {
            "arn": "arn:aws:ec2:eu-west-3:114501972836:subnet/subnet-03dbacdcde8d1c5b8",
            "assign_ipv6_address_on_creation": false,
            "availability_zone": "eu-west-3a",
            "availability_zone_id": "euw3-az1",
            "cidr_block": "10.109.11.0/24",
            "customer_owned_ipv4_pool": "",
            "enable_dns64": false,
            "enable_lni_at_device_index": 0,
            "enable_resource_name_dns_a_record_on_launch": false,
            "enable_resource_name_dns_aaaa_record_on_launch": false,
            "id": "subnet-03dbacdcde8d1c5b8",
            "ipv6_cidr_block": "",
            "ipv6_cidr_block_association_id": "",
            "ipv6_native": false,
            "map_customer_owned_ip_on_launch": false,
            "map_public_ip_on_launch": false,
            "outpost_arn": "",
            "owner_id": "114501972836",
            "private_dns_hostname_type_on_launch": "ip-name",
            "region": "eu-west-3",
            "tags": {
              "Name": "private-subnet-eu-west-3a"
            },
            "tags_all": {
              "ManagedBy": "Terraform",
              "Name": "private-subnet-eu-west-3a"
            },
            "timeouts": null,
            "vpc_id": "vpc-0c2ec1ce568dcb5c0"
          },
          "sensitive_attributes": [],
          "identity_schema_version": 0,
          "identity": {
            "account_id": "114501972836",
            "id": "subnet-03dbacdcde8d1c5b8",
            "region": "eu-west-3"
          },
          "private": "eyJlMmJmYjczMC1lY2FhLTExZTYtOGY4OC0zNDM2M2JjN2M0YzAiOnsiY3JlYXRlIjo2MDAwMDAwMDAwMDAsImRlbGV0ZSI6MTIwMDAwMDAwMDAwMH0sInNjaGVtYV92ZXJzaW9uIjoiMSJ9",
          "dependencies": [
            "aws_vpc.fortressmaximus-vpc"
          ]
        }
      ]
    },
    {
      "mode": "managed",
      "type": "aws_subnet",
      "name": "private-subnet-eu-west-3b",
      "provider": "provider[\"registry.terraform.io/hashicorp/aws\"]",
      "instances": [
        {
          "schema_version": 1,
          "attributes": {
            "arn": "arn:aws:ec2:eu-west-3:114501972836:subnet/subnet-0d04cbb29efdb88a9",
            "assign_ipv6_address_on_creation": false,
            "availability_zone": "eu-west-3b",
            "availability_zone_id": "euw3-az2",
            "cidr_block": "10.109.12.0/24",
            "customer_owned_ipv4_pool": "",
            "enable_dns64": false,
            "enable_lni_at_device_index": 0,
            "enable_resource_name_dns_a_record_on_launch": false,
            "enable_resource_name_dns_aaaa_record_on_launch": false,
            "id": "subnet-0d04cbb29efdb88a9",
            "ipv6_cidr_block": "",
            "ipv6_cidr_block_association_id": "",
            "ipv6_native": false,
            "map_customer_owned_ip_on_launch": false,
            "map_public_ip_on_launch": false,
            "outpost_arn": "",
            "owner_id": "114501972836",
            "private_dns_hostname_type_on_launch": "ip-name",
            "region": "eu-west-3",
            "tags": {
              "Name": "private-subnet-eu-west-3b"
            },
            "tags_all": {
              "ManagedBy": "Terraform",
              "Name": "private-subnet-eu-west-3b"
            },
            "timeouts": null,
            "vpc_id": "vpc-0c2ec1ce568dcb5c0"
          },
          "sensitive_attributes": [],
          "identity_schema_version": 0,
          "identity": {
            "account_id": "114501972836",
            "id": "subnet-0d04cbb29efdb88a9",
            "region": "eu-west-3"
          },
          "private": "eyJlMmJmYjczMC1lY2FhLTExZTYtOGY4OC0zNDM2M2JjN2M0YzAiOnsiY3JlYXRlIjo2MDAwMDAwMDAwMDAsImRlbGV0ZSI6MTIwMDAwMDAwMDAwMH0sInNjaGVtYV92ZXJzaW9uIjoiMSJ9",
          "dependencies": [
            "aws_vpc.fortressmaximus-vpc"
          ]
        }
      ]
    },
    {
      "mode": "managed",
      "type": "aws_subnet",
      "name": "private-subnet-eu-west-3c",
      "provider": "provider[\"registry.terraform.io/hashicorp/aws\"]",
      "instances": [
        {
          "schema_version": 1,
          "attributes": {
            "arn": "arn:aws:ec2:eu-west-3:114501972836:subnet/subnet-0c5748ccc4ecde44d",
            "assign_ipv6_address_on_creation": false,
            "availability_zone": "eu-west-3c",
            "availability_zone_id": "euw3-az3",
            "cidr_block": "10.109.13.0/24",
            "customer_owned_ipv4_pool": "",
            "enable_dns64": false,
            "enable_lni_at_device_index": 0,
            "enable_resource_name_dns_a_record_on_launch": false,
            "enable_resource_name_dns_aaaa_record_on_launch": false,
            "id": "subnet-0c5748ccc4ecde44d",
            "ipv6_cidr_block": "",
            "ipv6_cidr_block_association_id": "",
            "ipv6_native": false,
            "map_customer_owned_ip_on_launch": false,
            "map_public_ip_on_launch": false,
            "outpost_arn": "",
            "owner_id": "114501972836",
            "private_dns_hostname_type_on_launch": "ip-name",
            "region": "eu-west-3",
            "tags": {
              "Name": "private-subnet-eu-west-3c"
            },
            "tags_all": {
              "ManagedBy": "Terraform",
              "Name": "private-subnet-eu-west-3c"
            },
            "timeouts": null,
            "vpc_id": "vpc-0c2ec1ce568dcb5c0"
          },
          "sensitive_attributes": [],
          "identity_schema_version": 0,
          "identity": {
            "account_id": "114501972836",
            "id": "subnet-0c5748ccc4ecde44d",
            "region": "eu-west-3"
          },
          "private": "eyJlMmJmYjczMC1lY2FhLTExZTYtOGY4OC0zNDM2M2JjN2M0YzAiOnsiY3JlYXRlIjo2MDAwMDAwMDAwMDAsImRlbGV0ZSI6MTIwMDAwMDAwMDAwMH0sInNjaGVtYV92ZXJzaW9uIjoiMSJ9",
          "dependencies": [
            "aws_vpc.fortressmaximus-vpc"
          ]
        }
      ]
    },
    {
      "mode": "managed",
      "type": "aws_subnet",
      "name": "public-subnet-eu-west-3a",
      "provider": "provider[\"registry.terraform.io/hashicorp/aws\"]",
      "instances": [
        {
          "schema_version": 1,
          "attributes": {
            "arn": "arn:aws:ec2:eu-west-3:114501972836:subnet/subnet-05d728b139722a2a0",
            "assign_ipv6_address_on_creation": false,
            "availability_zone": "eu-west-3a",
            "availability_zone_id": "euw3-az1",
            "cidr_block": "10.109.1.0/24",
            "customer_owned_ipv4_pool": "",
            "enable_dns64": false,
            "enable_lni_at_device_index": 0,
            "enable_resource_name_dns_a_record_on_launch": false,
            "enable_resource_name_dns_aaaa_record_on_launch": false,
            "id": "subnet-05d728b139722a2a0",
            "ipv6_cidr_block": "",
            "ipv6_cidr_block_association_id": "",
            "ipv6_native": false,
            "map_customer_owned_ip_on_launch": false,
            "map_public_ip_on_launch": true,
            "outpost_arn": "",
            "owner_id": "114501972836",
            "private_dns_hostname_type_on_launch": "ip-name",
            "region": "eu-west-3",
            "tags": {
              "Name": "public-subnet-eu-west-3a"
            },
            "tags_all": {
              "ManagedBy": "Terraform",
              "Name": "public-subnet-eu-west-3a"
            },
            "timeouts": null,
            "vpc_id": "vpc-0c2ec1ce568dcb5c0"
          },
          "sensitive_attributes": [],
          "identity_schema_version": 0,
          "identity": {
            "account_id": "114501972836",
            "id": "subnet-05d728b139722a2a0",
            "region": "eu-west-3"
          },
          "private": "eyJlMmJmYjczMC1lY2FhLTExZTYtOGY4OC0zNDM2M2JjN2M0YzAiOnsiY3JlYXRlIjo2MDAwMDAwMDAwMDAsImRlbGV0ZSI6MTIwMDAwMDAwMDAwMH0sInNjaGVtYV92ZXJzaW9uIjoiMSJ9",
          "dependencies": [
            "aws_vpc.fortressmaximus-vpc"
          ]
        }
      ]
    },
    {
      "mode": "managed",
      "type": "aws_subnet",
      "name": "public-subnet-eu-west-3b",
      "provider": "provider[\"registry.terraform.io/hashicorp/aws\"]",
      "instances": [
        {
          "schema_version": 1,
          "attributes": {
            "arn": "arn:aws:ec2:eu-west-3:114501972836:subnet/subnet-0053bda21d4b2989f",
            "assign_ipv6_address_on_creation": false,
            "availability_zone": "eu-west-3b",
            "availability_zone_id": "euw3-az2",
            "cidr_block": "10.109.2.0/24",
            "customer_owned_ipv4_pool": "",
            "enable_dns64": false,
            "enable_lni_at_device_index": 0,
            "enable_resource_name_dns_a_record_on_launch": false,
            "enable_resource_name_dns_aaaa_record_on_launch": false,
            "id": "subnet-0053bda21d4b2989f",
            "ipv6_cidr_block": "",
            "ipv6_cidr_block_association_id": "",
            "ipv6_native": false,
            "map_customer_owned_ip_on_launch": false,
            "map_public_ip_on_launch": true,
            "outpost_arn": "",
            "owner_id": "114501972836",
            "private_dns_hostname_type_on_launch": "ip-name",
            "region": "eu-west-3",
            "tags": {
              "Name": "public-subnet-eu-west-3b"
            },
            "tags_all": {
              "ManagedBy": "Terraform",
              "Name": "public-subnet-eu-west-3b"
            },
            "timeouts": null,
            "vpc_id": "vpc-0c2ec1ce568dcb5c0"
          },
          "sensitive_attributes": [],
          "identity_schema_version": 0,
          "identity": {
            "account_id": "114501972836",
            "id": "subnet-0053bda21d4b2989f",
            "region": "eu-west-3"
          },
          "private": "eyJlMmJmYjczMC1lY2FhLTExZTYtOGY4OC0zNDM2M2JjN2M0YzAiOnsiY3JlYXRlIjo2MDAwMDAwMDAwMDAsImRlbGV0ZSI6MTIwMDAwMDAwMDAwMH0sInNjaGVtYV92ZXJzaW9uIjoiMSJ9",
          "dependencies": [
            "aws_vpc.fortressmaximus-vpc"
          ]
        }
      ]
    },
    {
      "mode": "managed",
      "type": "aws_subnet",
      "name": "public-subnet-eu-west-3c",
      "provider": "provider[\"registry.terraform.io/hashicorp/aws\"]",
      "instances": [
        {
          "schema_version": 1,
          "attributes": {
            "arn": "arn:aws:ec2:eu-west-3:114501972836:subnet/subnet-0e743c277dee6e08d",
            "assign_ipv6_address_on_creation": false,
            "availability_zone": "eu-west-3c",
            "availability_zone_id": "euw3-az3",
            "cidr_block": "10.109.3.0/24",
            "customer_owned_ipv4_pool": "",
            "enable_dns64": false,
            "enable_lni_at_device_index": 0,
            "enable_resource_name_dns_a_record_on_launch": false,
            "enable_resource_name_dns_aaaa_record_on_launch": false,
            "id": "subnet-0e743c277dee6e08d",
            "ipv6_cidr_block": "",
            "ipv6_cidr_block_association_id": "",
            "ipv6_native": false,
            "map_customer_owned_ip_on_launch": false,
            "map_public_ip_on_launch": true,
            "outpost_arn": "",
            "owner_id": "114501972836",
            "private_dns_hostname_type_on_launch": "ip-name",
            "region": "eu-west-3",
            "tags": {
              "Name": "public-subnet-eu-west-3c"
            },
            "tags_all": {
              "ManagedBy": "Terraform",
              "Name": "public-subnet-eu-west-3c"
            },
            "timeouts": null,
            "vpc_id": "vpc-0c2ec1ce568dcb5c0"
          },
          "sensitive_attributes": [],
          "identity_schema_version": 0,
          "identity": {
            "account_id": "114501972836",
            "id": "subnet-0e743c277dee6e08d",
            "region": "eu-west-3"
          },
          "private": "eyJlMmJmYjczMC1lY2FhLTExZTYtOGY4OC0zNDM2M2JjN2M0YzAiOnsiY3JlYXRlIjo2MDAwMDAwMDAwMDAsImRlbGV0ZSI6MTIwMDAwMDAwMDAwMH0sInNjaGVtYV92ZXJzaW9uIjoiMSJ9",
          "dependencies": [
            "aws_vpc.fortressmaximus-vpc"
          ]
        }
      ]
    },
    {
      "mode": "managed",
      "type": "aws_vpc",
      "name": "fortressmaximus-vpc",
      "provider": "provider[\"registry.terraform.io/hashicorp/aws\"]",
      "instances": [
        {
          "schema_version": 1,
          "attributes": {
            "arn": "arn:aws:ec2:eu-west-3:114501972836:vpc/vpc-0c2ec1ce568dcb5c0",
            "assign_generated_ipv6_cidr_block": false,
            "cidr_block": "10.109.0.0/16",
            "default_network_acl_id": "acl-090bca001c452fef3",
            "default_route_table_id": "rtb-0f470cdbc2bbd84f7",
            "default_security_group_id": "sg-071c73e6d3cbdb7f3",
            "dhcp_options_id": "dopt-0ea57fda82f1f698e",
            "enable_dns_hostnames": true,
            "enable_dns_support": true,
            "enable_network_address_usage_metrics": false,
            "id": "vpc-0c2ec1ce568dcb5c0",
            "instance_tenancy": "default",
            "ipv4_ipam_pool_id": null,
            "ipv4_netmask_length": null,
            "ipv6_association_id": "",
            "ipv6_cidr_block": "",
            "ipv6_cidr_block_network_border_group": "",
            "ipv6_ipam_pool_id": "",
            "ipv6_netmask_length": 0,
            "main_route_table_id": "rtb-0f470cdbc2bbd84f7",
            "owner_id": "114501972836",
            "region": "eu-west-3",
            "tags": {
              "Name": "fortressmaximus-vpc",
              "Owner": "Optimus Prime",
              "Planet": "Cybertron",
              "Service": "vpc"
            },
            "tags_all": {
              "ManagedBy": "Terraform",
              "Name": "fortressmaximus-vpc",
              "Owner": "Optimus Prime",
              "Planet": "Cybertron",
              "Service": "vpc"
            }
          },
          "sensitive_attributes": [],
          "identity_schema_version": 0,
          "identity": {
            "account_id": "114501972836",
            "id": "vpc-0c2ec1ce568dcb5c0",
            "region": "eu-west-3"
          },
          "private": "eyJzY2hlbWFfdmVyc2lvbiI6IjEifQ=="
        }
      ]
    },
    {
      "mode": "managed",
      "type": "aws_vpc_security_group_egress_rule",
      "name": "egress-for-ping",
      "provider": "provider[\"registry.terraform.io/hashicorp/aws\"]",
      "instances": [
        {
          "schema_version": 0,
          "attributes": {
            "arn": "arn:aws:ec2:eu-west-3:114501972836:security-group-rule/sgr-0a008cc95ad85e8ba",
            "cidr_ipv4": "0.0.0.0/0",
            "cidr_ipv6": null,
            "description": null,
            "from_port": null,
            "id": "sgr-0a008cc95ad85e8ba",
            "ip_protocol": "-1",
            "prefix_list_id": null,
            "referenced_security_group_id": null,
            "region": "eu-west-3",
            "security_group_id": "sg-0093e4b79c3e6efad",
            "security_group_rule_id": "sgr-0a008cc95ad85e8ba",
            "tags": {
              "Name": "egress-for-ping"
            },
            "tags_all": {
              "ManagedBy": "Terraform",
              "Name": "egress-for-ping"
            },
            "to_port": null
          },
          "sensitive_attributes": [],
          "identity_schema_version": 0,
          "identity": {
            "account_id": "114501972836",
            "id": "sgr-0a008cc95ad85e8ba",
            "region": "eu-west-3"
          },
          "dependencies": [
            "aws_security_group.ping-sg",
            "aws_vpc.fortressmaximus-vpc"
          ]
        }
      ]
    },
    {
      "mode": "managed",
      "type": "aws_vpc_security_group_egress_rule",
      "name": "fortressmaximus-sg-allow-all-traffic",
      "provider": "provider[\"registry.terraform.io/hashicorp/aws\"]",
      "instances": [
        {
          "schema_version": 0,
          "attributes": {
            "arn": "arn:aws:ec2:eu-west-3:114501972836:security-group-rule/sgr-019f6b1598fb5544f",
            "cidr_ipv4": "0.0.0.0/0",
            "cidr_ipv6": null,
            "description": null,
            "from_port": null,
            "id": "sgr-019f6b1598fb5544f",
            "ip_protocol": "-1",
            "prefix_list_id": null,
            "referenced_security_group_id": null,
            "region": "eu-west-3",
            "security_group_id": "sg-07061e1c62a24e209",
            "security_group_rule_id": "sgr-019f6b1598fb5544f",
            "tags": null,
            "tags_all": {
              "ManagedBy": "Terraform"
            },
            "to_port": null
          },
          "sensitive_attributes": [],
          "identity_schema_version": 0,
          "identity": {
            "account_id": "114501972836",
            "id": "sgr-019f6b1598fb5544f",
            "region": "eu-west-3"
          },
          "dependencies": [
            "aws_security_group.fortressmaximus-sg",
            "aws_vpc.fortressmaximus-vpc"
          ]
        }
      ]
    },
    {
      "mode": "managed",
      "type": "aws_vpc_security_group_ingress_rule",
      "name": "fortressmaximus-sg-http",
      "provider": "provider[\"registry.terraform.io/hashicorp/aws\"]",
      "instances": [
        {
          "schema_version": 0,
          "attributes": {
            "arn": "arn:aws:ec2:eu-west-3:114501972836:security-group-rule/sgr-0484ad02efa9d64e2",
            "cidr_ipv4": "0.0.0.0/0",
            "cidr_ipv6": null,
            "description": "HTTP",
            "from_port": 80,
            "id": "sgr-0484ad02efa9d64e2",
            "ip_protocol": "tcp",
            "prefix_list_id": null,
            "referenced_security_group_id": null,
            "region": "eu-west-3",
            "security_group_id": "sg-07061e1c62a24e209",
            "security_group_rule_id": "sgr-0484ad02efa9d64e2",
            "tags": {
              "Name": "HTTP"
            },
            "tags_all": {
              "ManagedBy": "Terraform",
              "Name": "HTTP"
            },
            "to_port": 80
          },
          "sensitive_attributes": [],
          "identity_schema_version": 0,
          "identity": {
            "account_id": "114501972836",
            "id": "sgr-0484ad02efa9d64e2",
            "region": "eu-west-3"
          },
          "dependencies": [
            "aws_security_group.fortressmaximus-sg",
            "aws_vpc.fortressmaximus-vpc"
          ]
        }
      ]
    },
    {
      "mode": "managed",
      "type": "aws_vpc_security_group_ingress_rule",
      "name": "fortressmaximus-sg-ssh",
      "provider": "provider[\"registry.terraform.io/hashicorp/aws\"]",
      "instances": [
        {
          "schema_version": 0,
          "attributes": {
            "arn": "arn:aws:ec2:eu-west-3:114501972836:security-group-rule/sgr-0ab5e349e47d63059",
            "cidr_ipv4": "0.0.0.0/0",
            "cidr_ipv6": null,
            "description": "SSH",
            "from_port": 22,
            "id": "sgr-0ab5e349e47d63059",
            "ip_protocol": "tcp",
            "prefix_list_id": null,
            "referenced_security_group_id": null,
            "region": "eu-west-3",
            "security_group_id": "sg-07061e1c62a24e209",
            "security_group_rule_id": "sgr-0ab5e349e47d63059",
            "tags": {
              "Name": "SSH"
            },
            "tags_all": {
              "ManagedBy": "Terraform",
              "Name": "SSH"
            },
            "to_port": 22
          },
          "sensitive_attributes": [],
          "identity_schema_version": 0,
          "identity": {
            "account_id": "114501972836",
            "id": "sgr-0ab5e349e47d63059",
            "region": "eu-west-3"
          },
          "dependencies": [
            "aws_security_group.fortressmaximus-sg",
            "aws_vpc.fortressmaximus-vpc"
          ]
        }
      ]
    },
    {
      "mode": "managed",
      "type": "aws_vpc_security_group_ingress_rule",
      "name": "icmp-ping",
      "provider": "provider[\"registry.terraform.io/hashicorp/aws\"]",
      "instances": [
        {
          "schema_version": 0,
          "attributes": {
            "arn": "arn:aws:ec2:eu-west-3:114501972836:security-group-rule/sgr-071b2ac6ec7206dac",
            "cidr_ipv4": "0.0.0.0/0",
            "cidr_ipv6": null,
            "description": "icmp-ping",
            "from_port": null,
            "id": "sgr-071b2ac6ec7206dac",
            "ip_protocol": "-1",
            "prefix_list_id": null,
            "referenced_security_group_id": null,
            "region": "eu-west-3",
            "security_group_id": "sg-0093e4b79c3e6efad",
            "security_group_rule_id": "sgr-071b2ac6ec7206dac",
            "tags": {
              "Name": "icmp-ping"
            },
            "tags_all": {
              "ManagedBy": "Terraform",
              "Name": "icmp-ping"
            },
            "to_port": null
          },
          "sensitive_attributes": [],
          "identity_schema_version": 0,
          "identity": {
            "account_id": "114501972836",
            "id": "sgr-071b2ac6ec7206dac",
            "region": "eu-west-3"
          },
          "dependencies": [
            "aws_security_group.ping-sg",
            "aws_vpc.fortressmaximus-vpc"
          ]
        }
      ]
    },
    {
      "mode": "managed",
      "type": "tls_private_key",
      "name": "tempquad",
      "provider": "provider[\"registry.terraform.io/hashicorp/tls\"]",
      "instances": [
        {
          "schema_version": 1,
          "attributes": {
            "algorithm": "RSA",
            "ecdsa_curve": "P224",
            "id": "de89b952413537f4b19fd180d215f6c46ab3f7a0",
            "private_key_openssh": "-----BEGIN OPENSSH PRIVATE KEY-----\nb3BlbnNzaC1rZXktdjEAAAAABG5vbmUAAAAEbm9uZQAAAAAAAAABAAABFwAAAAdz\nc2gtcnNhAAAAAwEAAQAAAQEA0aupEqBuiL3vIsQB4x3kecf+k2EOSPhcPj9F2mET\nVDTcmwTen4+eSkhTSuT+uJPTz9UEgGMnlxk/eQI0ajXVJPTrlYk8Nh1ed4UyKYWK\ntVtHLk1Y08NMmpuYZO3wRBcnl5fCBceYoHzswGD97HlAiB9fcpaeKjFyXUsJ+Yyw\nrG2hDitNUTNsuqi3GgdSas6Mn3sm35E8kRujWqyJcPozbsIDttNiSvlchaax40bS\nxPuQCDAPn0odoZdSOAPZXd2mrkNmuK27pWJBoVfUIpi6K89fit+EGaWgxeul97ph\nXPQqp5NhxKpprTq3rl7EHpbY3AandeFrhP4ZOr9pL5bPGQAAA7j+ZSAg/mUgIAAA\nAAdzc2gtcnNhAAABAQDRq6kSoG6Ive8ixAHjHeR5x/6TYQ5I+Fw+P0XaYRNUNNyb\nBN6fj55KSFNK5P64k9PP1QSAYyeXGT95AjRqNdUk9OuViTw2HV53hTIphYq1W0cu\nTVjTw0yam5hk7fBEFyeXl8IFx5igfOzAYP3seUCIH19ylp4qMXJdSwn5jLCsbaEO\nK01RM2y6qLcaB1JqzoyfeybfkTyRG6NarIlw+jNuwgO202JK+VyFprHjRtLE+5AI\nMA+fSh2hl1I4A9ld3aauQ2a4rbulYkGhV9QimLorz1+K34QZpaDF66X3umFc9Cqn\nk2HEqmmtOreuXsQeltjcBqd14WuE/hk6v2kvls8ZAAAAAwEAAQAAAQAixQjAogIy\nguzJIx/8/dQJrfS1k/6+cxE48V0wHbEK4clDm8cfRr3FK8FERj1HdpxFdtnMQKUs\nFW/FLWxrwImcG1GF9sAZaT1lLJ1o7VBXSs+/CeyVEWn+qZbYBe02HXDfXrc6JiNV\nWeIY9Pym3mSpLiqx4fBQpuqENhFtZLtXnHlmGvKHJGMSkqonRpe5GqHXfHwuZtsj\nNlsLRNIjlIoovI7kDQ9RUBfp8jved9geIgIRZmEjokxQ2a4hGG3Rr6CldRfi0ock\nCp7widVSX79YyX96XdSGZeEtE56wmBz9a4I11u4BmWchhdOaHAe1Ed8nXryXCLez\no0Of3SJIZc5BAAAAgQC2dmMp41os7IHkNdUGA5vIG5iOCCfbPzv9MtCusBHgDn7n\nBkSwj4Fkxy/ZKuPYICZtlf7MpwtcfAXZkiUHgIWraPwXaqCMxFAvcs0mO1IP8iAp\n3AjZwNkDquYczVkAGgJn+rZdktBjHmYH5L1XWjCBuZyLprLnOotw60ypYYYD3wAA\nAIEA+xSHTDpuG9ac+4FFd5NBnByHhV+rj+92zouaFDqvaQtC3NZ6ddDAOxetiVmP\npYY/Q3M3u4iPdUIblNke4Zv+5W5AlYj+a3Xpab5HxSTktKQ2JyAkBg5blVSP1R2C\nlo1ZOoOYFN7+O6wTQGhy7vjSx9hQfAeX1yWLskOnIXEPLa0AAACBANXHaZJscZhV\n0xapyzTUqx1/4byRQbFLNSAl2nUDoc9yUdcObEEIUrreVDpUTHT+zaGVbjvrruGV\n5Xr5K0hcdCKmS24pUKskmFZaI/1d4NSduH7l2WL/RDaG0opeoJ+fEcKZixYMOR4z\nWglRbMd1oOqjFwfF+hYbiZkck8EQyHydAAAAAAEC\n-----END OPENSSH PRIVATE KEY-----\n",
            "private_key_pem": "-----BEGIN RSA PRIVATE KEY-----\nMIIEowIBAAKCAQEA0aupEqBuiL3vIsQB4x3kecf+k2EOSPhcPj9F2mETVDTcmwTe\nn4+eSkhTSuT+uJPTz9UEgGMnlxk/eQI0ajXVJPTrlYk8Nh1ed4UyKYWKtVtHLk1Y\n08NMmpuYZO3wRBcnl5fCBceYoHzswGD97HlAiB9fcpaeKjFyXUsJ+YywrG2hDitN\nUTNsuqi3GgdSas6Mn3sm35E8kRujWqyJcPozbsIDttNiSvlchaax40bSxPuQCDAP\nn0odoZdSOAPZXd2mrkNmuK27pWJBoVfUIpi6K89fit+EGaWgxeul97phXPQqp5Nh\nxKpprTq3rl7EHpbY3AandeFrhP4ZOr9pL5bPGQIDAQABAoIBACLFCMCiAjKC7Mkj\nH/z91Amt9LWT/r5zETjxXTAdsQrhyUObxx9GvcUrwURGPUd2nEV22cxApSwVb8Ut\nbGvAiZwbUYX2wBlpPWUsnWjtUFdKz78J7JURaf6pltgF7TYdcN9etzomI1VZ4hj0\n/KbeZKkuKrHh8FCm6oQ2EW1ku1eceWYa8ockYxKSqidGl7kaodd8fC5m2yM2WwtE\n0iOUiii8juQND1FQF+nyO9532B4iAhFmYSOiTFDZriEYbdGvoKV1F+LShyQKnvCJ\n1VJfv1jJf3pd1IZl4S0TnrCYHP1rgjXW7gGZZyGF05ocB7UR3ydevJcIt7OjQ5/d\nIkhlzkECgYEA+xSHTDpuG9ac+4FFd5NBnByHhV+rj+92zouaFDqvaQtC3NZ6ddDA\nOxetiVmPpYY/Q3M3u4iPdUIblNke4Zv+5W5AlYj+a3Xpab5HxSTktKQ2JyAkBg5b\nlVSP1R2Clo1ZOoOYFN7+O6wTQGhy7vjSx9hQfAeX1yWLskOnIXEPLa0CgYEA1cdp\nkmxxmFXTFqnLNNSrHX/hvJFBsUs1ICXadQOhz3JR1w5sQQhSut5UOlRMdP7NoZVu\nO+uu4ZXlevkrSFx0IqZLbilQqySYVloj/V3g1J24fuXZYv9ENobSil6gn58RwpmL\nFgw5HjNaCVFsx3Wg6qMXB8X6FhuJmRyTwRDIfJ0CgYA5vSPL/NfbYQQitjyiXePF\noa3slu6eIARjRSk+o6w47NUIce4hb8r1C+HlZwool3Gu8i0L3ECZR4WOOkvmt/fr\nDOqfOKzBS5FMtuxMQsqxW930K2j9V4nqElMtQCcKtiCh2yc7DXjLgiu/MQXVPLVE\nLdN8YkahvEmeyf4CK7zA1QKBgHHGGmKqQl6ftqNGJHbuhE9D4yDXcc3ox9JfMv+5\nuiFMp0+8RlLqGhWIA+2zNanCfi/z9mH/kehPPX2QJL/zLH/QXy624E7lQAodGTBc\nCS8+7ZTjwSlVz7jxUhYAPJ4XK32U+Bf402FGVTHGWw1ghg66U6R4chvX9gg91EkZ\nJIplAoGBALZ2YynjWizsgeQ11QYDm8gbmI4IJ9s/O/0y0K6wEeAOfucGRLCPgWTH\nL9kq49ggJm2V/synC1x8BdmSJQeAhato/BdqoIzEUC9yzSY7Ug/yICncCNnA2QOq\n5hzNWQAaAmf6tl2S0GMeZgfkvVdaMIG5nIumsuc6i3DrTKlhhgPf\n-----END RSA PRIVATE KEY-----\n",
            "private_key_pem_pkcs8": "-----BEGIN PRIVATE KEY-----\nMIIEvQIBADANBgkqhkiG9w0BAQEFAASCBKcwggSjAgEAAoIBAQDRq6kSoG6Ive8i\nxAHjHeR5x/6TYQ5I+Fw+P0XaYRNUNNybBN6fj55KSFNK5P64k9PP1QSAYyeXGT95\nAjRqNdUk9OuViTw2HV53hTIphYq1W0cuTVjTw0yam5hk7fBEFyeXl8IFx5igfOzA\nYP3seUCIH19ylp4qMXJdSwn5jLCsbaEOK01RM2y6qLcaB1JqzoyfeybfkTyRG6Na\nrIlw+jNuwgO202JK+VyFprHjRtLE+5AIMA+fSh2hl1I4A9ld3aauQ2a4rbulYkGh\nV9QimLorz1+K34QZpaDF66X3umFc9Cqnk2HEqmmtOreuXsQeltjcBqd14WuE/hk6\nv2kvls8ZAgMBAAECggEAIsUIwKICMoLsySMf/P3UCa30tZP+vnMROPFdMB2xCuHJ\nQ5vHH0a9xSvBREY9R3acRXbZzEClLBVvxS1sa8CJnBtRhfbAGWk9ZSydaO1QV0rP\nvwnslRFp/qmW2AXtNh1w3163OiYjVVniGPT8pt5kqS4qseHwUKbqhDYRbWS7V5x5\nZhryhyRjEpKqJ0aXuRqh13x8LmbbIzZbC0TSI5SKKLyO5A0PUVAX6fI73nfYHiIC\nEWZhI6JMUNmuIRht0a+gpXUX4tKHJAqe8InVUl+/WMl/el3UhmXhLROesJgc/WuC\nNdbuAZlnIYXTmhwHtRHfJ168lwi3s6NDn90iSGXOQQKBgQD7FIdMOm4b1pz7gUV3\nk0GcHIeFX6uP73bOi5oUOq9pC0Lc1np10MA7F62JWY+lhj9Dcze7iI91QhuU2R7h\nm/7lbkCViP5rdelpvkfFJOS0pDYnICQGDluVVI/VHYKWjVk6g5gU3v47rBNAaHLu\n+NLH2FB8B5fXJYuyQ6chcQ8trQKBgQDVx2mSbHGYVdMWqcs01Ksdf+G8kUGxSzUg\nJdp1A6HPclHXDmxBCFK63lQ6VEx0/s2hlW47667hleV6+StIXHQipktuKVCrJJhW\nWiP9XeDUnbh+5dli/0Q2htKKXqCfnxHCmYsWDDkeM1oJUWzHdaDqoxcHxfoWG4mZ\nHJPBEMh8nQKBgDm9I8v819thBCK2PKJd48WhreyW7p4gBGNFKT6jrDjs1Qhx7iFv\nyvUL4eVnCiiXca7yLQvcQJlHhY46S+a39+sM6p84rMFLkUy27ExCyrFb3fQraP1X\nieoSUy1AJwq2IKHbJzsNeMuCK78xBdU8tUQt03xiRqG8SZ7J/gIrvMDVAoGAccYa\nYqpCXp+2o0Ykdu6ET0PjINdxzejH0l8y/7m6IUynT7xGUuoaFYgD7bM1qcJ+L/P2\nYf+R6E89fZAkv/Msf9BfLrbgTuVACh0ZMFwJLz7tlOPBKVXPuPFSFgA8nhcrfZT4\nF/jTYUZVMcZbDWCGDrpTpHhyG9f2CD3USRkkimUCgYEAtnZjKeNaLOyB5DXVBgOb\nyBuYjggn2z87/TLQrrAR4A5+5wZEsI+BZMcv2Srj2CAmbZX+zKcLXHwF2ZIlB4CF\nq2j8F2qgjMRQL3LNJjtSD/IgKdwI2cDZA6rmHM1ZABoCZ/q2XZLQYx5mB+S9V1ow\ngbmci6ay5zqLcOtMqWGGA98=\n-----END PRIVATE KEY-----\n",
            "public_key_fingerprint_md5": "92:8a:be:e7:0c:e5:37:72:8a:4e:81:6c:df:35:c7:94",
            "public_key_fingerprint_sha256": "SHA256:ci0ng/OdVmma23FYz2RTIaeEO5mDk1GzFomi3aq6wLk",
            "public_key_openssh": "ssh-rsa AAAAB3NzaC1yc2EAAAADAQABAAABAQDRq6kSoG6Ive8ixAHjHeR5x/6TYQ5I+Fw+P0XaYRNUNNybBN6fj55KSFNK5P64k9PP1QSAYyeXGT95AjRqNdUk9OuViTw2HV53hTIphYq1W0cuTVjTw0yam5hk7fBEFyeXl8IFx5igfOzAYP3seUCIH19ylp4qMXJdSwn5jLCsbaEOK01RM2y6qLcaB1JqzoyfeybfkTyRG6NarIlw+jNuwgO202JK+VyFprHjRtLE+5AIMA+fSh2hl1I4A9ld3aauQ2a4rbulYkGhV9QimLorz1+K34QZpaDF66X3umFc9Cqnk2HEqmmtOreuXsQeltjcBqd14WuE/hk6v2kvls8Z\n",
            "public_key_pem": "-----BEGIN PUBLIC KEY-----\nMIIBIjANBgkqhkiG9w0BAQEFAAOCAQ8AMIIBCgKCAQEA0aupEqBuiL3vIsQB4x3k\necf+k2EOSPhcPj9F2mETVDTcmwTen4+eSkhTSuT+uJPTz9UEgGMnlxk/eQI0ajXV\nJPTrlYk8Nh1ed4UyKYWKtVtHLk1Y08NMmpuYZO3wRBcnl5fCBceYoHzswGD97HlA\niB9fcpaeKjFyXUsJ+YywrG2hDitNUTNsuqi3GgdSas6Mn3sm35E8kRujWqyJcPoz\nbsIDttNiSvlchaax40bSxPuQCDAPn0odoZdSOAPZXd2mrkNmuK27pWJBoVfUIpi6\nK89fit+EGaWgxeul97phXPQqp5NhxKpprTq3rl7EHpbY3AandeFrhP4ZOr9pL5bP\nGQIDAQAB\n-----END PUBLIC KEY-----\n",
            "rsa_bits": 2048
          },
          "sensitive_attributes": [
            [
              {
                "type": "get_attr",
                "value": "private_key_openssh"
              }
            ],
            [
              {
                "type": "get_attr",
                "value": "private_key_pem"
              }
            ],
            [
              {
                "type": "get_attr",
                "value": "private_key_pem_pkcs8"
              }
            ]
          ],
          "identity_schema_version": 0
        }
      ]
    }
  ],
  "check_results": null
}
